{
  "name": "react-jsonschema-form-field-geolocation-example",
  "version": "0.0.0",
  "lockfileVersion": 1,
  "requires": true,
  "dependencies": {
    "ieee754": {
      "version": "1.1.12",
      "resolved": "https://registry.npmjs.org/ieee754/-/ieee754-1.1.12.tgz",
      "integrity": "sha512-GguP+DRY+pJ3soyIiGPTvdiVXjZ+DbXOxGpXn3eMvNW4x4irjqXm4wHKscC+TfxSJ0yw/S1F24tqdMNsMZTiLA==",
      "dev": true
    },
    "ol": {
      "version": "4.6.5",
      "resolved": "https://registry.npmjs.org/ol/-/ol-4.6.5.tgz",
      "integrity": "sha512-FtXsY3WY07c5vEP53rUkkw3jN7orcmg07lbmTfeS2hGyIZ0Noy1xC5urP+n6XTggnQZv0NlOkAt9lxNEmAQWQw==",
      "dev": true,
      "requires": {
        "pbf": "3.1.0",
        "pixelworks": "1.1.0",
        "rbush": "2.0.1"
      }
    },
    "pbf": {
      "version": "3.1.0",
      "resolved": "https://registry.npmjs.org/pbf/-/pbf-3.1.0.tgz",
      "integrity": "sha512-/hYJmIsTmh7fMkHAWWXJ5b8IKLWdjdlAFb3IHkRBn1XUhIYBChVGfVwmHEAV3UfXTxsP/AKfYTXTS/dCPxJd5w==",
      "dev": true,
      "requires": {
        "ieee754": "1.1.12",
        "resolve-protobuf-schema": "2.1.0"
      }
    },
    "pixelworks": {
      "version": "1.1.0",
      "resolved": "https://registry.npmjs.org/pixelworks/-/pixelworks-1.1.0.tgz",
      "integrity": "sha1-Hwla1I3Ki/ihyCWOAJIDGkTyLKU=",
      "dev": true
    },
    "protocol-buffers-schema": {
      "version": "3.3.2",
      "resolved": "https://registry.npmjs.org/protocol-buffers-schema/-/protocol-buffers-schema-3.3.2.tgz",
      "integrity": "sha512-Xdayp8sB/mU+sUV4G7ws8xtYMGdQnxbeIfLjyO9TZZRJdztBGhlmbI5x1qcY4TG5hBkIKGnc28i7nXxaugu88w==",
      "dev": true
    },
    "quickselect": {
      "version": "1.1.1",
      "resolved": "https://registry.npmjs.org/quickselect/-/quickselect-1.1.1.tgz",
      "integrity": "sha512-qN0Gqdw4c4KGPsBOQafj6yj/PA6c/L63f6CaZ/DCF/xF4Esu3jVmKLUDYxghFx8Kb/O7y9tI7x2RjTSXwdK1iQ==",
      "dev": true
    },
    "rbush": {
      "version": "2.0.1",
      "resolved": "https://registry.npmjs.org/rbush/-/rbush-2.0.1.tgz",
      "integrity": "sha1-TPrKKMMGS8DudUMaG3mZDode76k=",
      "dev": true,
      "requires": {
        "quickselect": "1.1.1"
      }
    },
    "resolve-protobuf-schema": {
      "version": "2.1.0",
      "resolved": "https://registry.npmjs.org/resolve-protobuf-schema/-/resolve-protobuf-schema-2.1.0.tgz",
      "integrity": "sha512-kI5ffTiZWmJaS/huM8wZfEMer1eRd7oJQhDuxeCLe3t7N7mX3z94CN0xPxBQxFYQTSNz9T0i+v6inKqSdK8xrQ==",
      "dev": true,
      "requires": {
        "protocol-buffers-schema": "3.3.2"
      }
    }
  }
}
